
Microsoft Visual Studio Solution File, Format Version 12.00
# Visual Studio Version 17
VisualStudioVersion = 17.3.32922.545
MinimumVisualStudioVersion = 10.0.40219.1
Project("{9A19103F-16F7-4668-BE54-9A1E7A4F7556}") = "FitnessTracker.WebAPI", "..\FitnessTracker.WebAPI\FitnessTracker.WebAPI.csproj", "{239226A1-4449-4833-8B42-1549F8F64610}"
EndProject
Project("{9A19103F-16F7-4668-BE54-9A1E7A4F7556}") = "FitnessTracker.BusinessLogic", "..\FitnessTracker.BusinessLogic\FitnessTracker.BusinessLogic.csproj", "{93E32447-F53B-406C-B1C1-07D861D95141}"
EndProject
Project("{00D1A9C2-B5F0-4AF3-8072-F6C62B433612}") = "FitnessTracker.Database", "..\FitnessTracker.Database\FitnessTracker.Database.sqlproj", "{3DF6D453-037C-42ED-806B-FA45CAA5692B}"
EndProject
Global
	GlobalSection(SolutionConfigurationPlatforms) = preSolution
		Debug|Any CPU = Debug|Any CPU
		Release|Any CPU = Release|Any CPU
	EndGlobalSection
	GlobalSection(ProjectConfigurationPlatforms) = postSolution
		{239226A1-4449-4833-8B42-1549F8F64610}.Debug|Any CPU.ActiveCfg = Debug|Any CPU
		{239226A1-4449-4833-8B42-1549F8F64610}.Debug|Any CPU.Build.0 = Debug|Any CPU
		{239226A1-4449-4833-8B42-1549F8F64610}.Release|Any CPU.ActiveCfg = Release|Any CPU
		{239226A1-4449-4833-8B42-1549F8F64610}.Release|Any CPU.Build.0 = Release|Any CPU
		{93E32447-F53B-406C-B1C1-07D861D95141}.Debug|Any CPU.ActiveCfg = Debug|Any CPU
		{93E32447-F53B-406C-B1C1-07D861D95141}.Debug|Any CPU.Build.0 = Debug|Any CPU
		{93E32447-F53B-406C-B1C1-07D861D95141}.Release|Any CPU.ActiveCfg = Release|Any CPU
		{93E32447-F53B-406C-B1C1-07D861D95141}.Release|Any CPU.Build.0 = Release|Any CPU
		{3DF6D453-037C-42ED-806B-FA45CAA5692B}.Debug|Any CPU.ActiveCfg = Debug|Any CPU
		{3DF6D453-037C-42ED-806B-FA45CAA5692B}.Debug|Any CPU.Build.0 = Debug|Any CPU
		{3DF6D453-037C-42ED-806B-FA45CAA5692B}.Debug|Any CPU.Deploy.0 = Debug|Any CPU
		{3DF6D453-037C-42ED-806B-FA45CAA5692B}.Release|Any CPU.ActiveCfg = Release|Any CPU
		{3DF6D453-037C-42ED-806B-FA45CAA5692B}.Release|Any CPU.Build.0 = Release|Any CPU
		{3DF6D453-037C-42ED-806B-FA45CAA5692B}.Release|Any CPU.Deploy.0 = Release|Any CPU
	EndGlobalSection
	GlobalSection(SolutionProperties) = preSolution
		HideSolutionNode = FALSE
	EndGlobalSection
	GlobalSection(ExtensibilityGlobals) = postSolution
		SolutionGuid = {0DF226B2-C695-4869-98B9-F5EB8DA9C4ED}
	EndGlobalSection
EndGlobal
